
Microsoft Visual Studio Solution File, Format Version 12.00
# Visual Studio Version 16
VisualStudioVersion = 16.0.31005.135
MinimumVisualStudioVersion = 10.0.40219.1
Project("{FAE04EC0-301F-11D3-BF4B-00C04F79EFBC}") = "Automatic Program", "Automatic Program\Automatic Program.csproj", "{3465821B-E1B5-48B4-B61D-FB36E7C02AAD}"
EndProject
Global
	GlobalSection(SolutionConfigurationPlatforms) = preSolution
		Debug|Any CPU = Debug|Any CPU
		Release|Any CPU = Release|Any CPU
	EndGlobalSection
	GlobalSection(ProjectConfigurationPlatforms) = postSolution
		{3465821B-E1B5-48B4-B61D-FB36E7C02AAD}.Debug|Any CPU.ActiveCfg = Debug|Any CPU
		{3465821B-E1B5-48B4-B61D-FB36E7C02AAD}.Debug|Any CPU.Build.0 = Debug|Any CPU
		{3465821B-E1B5-48B4-B61D-FB36E7C02AAD}.Release|Any CPU.ActiveCfg = Release|Any CPU
		{3465821B-E1B5-48B4-B61D-FB36E7C02AAD}.Release|Any CPU.Build.0 = Release|Any CPU
	EndGlobalSection
	GlobalSection(SolutionProperties) = preSolution
		HideSolutionNode = FALSE
	EndGlobalSection
	GlobalSection(ExtensibilityGlobals) = postSolution
		SolutionGuid = {C9169BB7-7D18-4CA3-A657-534CF4E03645}
	EndGlobalSection
EndGlobal
